// !$*UTF8*$!
{
	archiveVersion = 1;
	classes = {
	};
	objectVersion = 50;
	objects = {

/* Begin PBXBuildFile section */
		5B6A412C24E515FB006738BD /* AppDelegate.swift in Sources */ = {isa = PBXBuildFile; fileRef = 5B6A412B24E515FB006738BD /* AppDelegate.swift */; };
		5B6A412E24E515FB006738BD /* SceneDelegate.swift in Sources */ = {isa = PBXBuildFile; fileRef = 5B6A412D24E515FB006738BD /* SceneDelegate.swift */; };
		5B6A413024E515FB006738BD /* ViewController.swift in Sources */ = {isa = PBXBuildFile; fileRef = 5B6A412F24E515FB006738BD /* ViewController.swift */; };
		5B6A413324E515FB006738BD /* Main.storyboard in Resources */ = {isa = PBXBuildFile; fileRef = 5B6A413124E515FB006738BD /* Main.storyboard */; };
		5B6A413524E515FF006738BD /* Assets.xcassets in Resources */ = {isa = PBXBuildFile; fileRef = 5B6A413424E515FF006738BD /* Assets.xcassets */; };
		5B6A413824E515FF006738BD /* LaunchScreen.storyboard in Resources */ = {isa = PBXBuildFile; fileRef = 5B6A413624E515FF006738BD /* LaunchScreen.storyboard */; };
		5B6A414324E515FF006738BD /* tipTests.swift in Sources */ = {isa = PBXBuildFile; fileRef = 5B6A414224E515FF006738BD /* tipTests.swift */; };
		5B6A414E24E515FF006738BD /* tipUITests.swift in Sources */ = {isa = PBXBuildFile; fileRef = 5B6A414D24E515FF006738BD /* tipUITests.swift */; };
/* End PBXBuildFile section */

/* Begin PBXContainerItemProxy section */
		5B6A413F24E515FF006738BD /* PBXContainerItemProxy */ = {
			isa = PBXContainerItemProxy;
			containerPortal = 5B6A412024E515FB006738BD /* Project object */;
			proxyType = 1;
			remoteGlobalIDString = 5B6A412724E515FB006738BD;
			remoteInfo = tip;
		};
		5B6A414A24E515FF006738BD /* PBXContainerItemProxy */ = {
			isa = PBXContainerItemProxy;
			containerPortal = 5B6A412024E515FB006738BD /* Project object */;
			proxyType = 1;
			remoteGlobalIDString = 5B6A412724E515FB006738BD;
			remoteInfo = tip;
		};
/* End PBXContainerItemProxy section */

/* Begin PBXFileReference section */
		5B6A412824E515FB006738BD /* tip.app */ = {isa = PBXFileReference; explicitFileType = wrapper.application; includeInIndex = 0; path = tip.app; sourceTree = BUILT_PRODUCTS_DIR; };
		5B6A412B24E515FB006738BD /* AppDelegate.swift */ = {isa = PBXFileReference; lastKnownFileType = sourcecode.swift; path = AppDelegate.swift; sourceTree = "<group>"; };
		5B6A412D24E515FB006738BD /* SceneDelegate.swift */ = {isa = PBXFileReference; lastKnownFileType = sourcecode.swift; path = SceneDelegate.swift; sourceTree = "<group>"; };
		5B6A412F24E515FB006738BD /* ViewController.swift */ = {isa = PBXFileReference; lastKnownFileType = sourcecode.swift; path = ViewController.swift; sourceTree = "<group>"; };
		5B6A413224E515FB006738BD /* Base */ = {isa = PBXFileReference; lastKnownFileType = file.storyboard; name = Base; path = Base.lproj/Main.storyboard; sourceTree = "<group>"; };
		5B6A413424E515FF006738BD /* Assets.xcassets */ = {isa = PBXFileReference; lastKnownFileType = folder.assetcatalog; path = Assets.xcassets; sourceTree = "<group>"; };
		5B6A413724E515FF006738BD /* Base */ = {isa = PBXFileReference; lastKnownFileType = file.storyboard; name = Base; path = Base.lproj/LaunchScreen.storyboard; sourceTree = "<group>"; };
		5B6A413924E515FF006738BD /* Info.plist */ = {isa = PBXFileReference; lastKnownFileType = text.plist.xml; path = Info.plist; sourceTree = "<group>"; };
		5B6A413E24E515FF006738BD /* tipTests.xctest */ = {isa = PBXFileReference; explicitFileType = wrapper.cfbundle; includeInIndex = 0; path = tipTests.xctest; sourceTree = BUILT_PRODUCTS_DIR; };
		5B6A414224E515FF006738BD /* tipTests.swift */ = {isa = PBXFileReference; lastKnownFileType = sourcecode.swift; path = tipTests.swift; sourceTree = "<group>"; };
		5B6A414424E515FF006738BD /* Info.plist */ = {isa = PBXFileReference; lastKnownFileType = text.plist.xml; path = Info.plist; sourceTree = "<group>"; };
		5B6A414924E515FF006738BD /* tipUITests.xctest */ = {isa = PBXFileReference; explicitFileType = wrapper.cfbundle; includeInIndex = 0; path = tipUITests.xctest; sourceTree = BUILT_PRODUCTS_DIR; };
		5B6A414D24E515FF006738BD /* tipUITests.swift */ = {isa = PBXFileReference; lastKnownFileType = sourcecode.swift; path = tipUITests.swift; sourceTree = "<group>"; };
		5B6A414F24E51600006738BD /* Info.plist */ = {isa = PBXFileReference; lastKnownFileType = text.plist.xml; path = Info.plist; sourceTree = "<group>"; };
/* End PBXFileReference section */

/* Begin PBXFrameworksBuildPhase section */
		5B6A412524E515FB006738BD /* Frameworks */ = {
			isa = PBXFrameworksBuildPhase;
			buildActionMask = 2147483647;
			files = (
			);
			runOnlyForDeploymentPostprocessing = 0;
		};
		5B6A413B24E515FF006738BD /* Frameworks */ = {
			isa = PBXFrameworksBuildPhase;
			buildActionMask = 2147483647;
			files = (
			);
			runOnlyForDeploymentPostprocessing = 0;
		};
		5B6A414624E515FF006738BD /* Frameworks */ = {
			isa = PBXFrameworksBuildPhase;
			buildActionMask = 2147483647;
			files = (
			);
			runOnlyForDeploymentPostprocessing = 0;
		};
/* End PBXFrameworksBuildPhase section */

/* Begin PBXGroup section */
		5B6A411F24E515FB006738BD = {
			isa = PBXGroup;
			children = (
				5B6A412A24E515FB006738BD /* tip */,
				5B6A414124E515FF006738BD /* tipTests */,
				5B6A414C24E515FF006738BD /* tipUITests */,
				5B6A412924E515FB006738BD /* Products */,
			);
			sourceTree = "<group>";
		};
		5B6A412924E515FB006738BD /* Products */ = {
			isa = PBXGroup;
			children = (
				5B6A412824E515FB006738BD /* tip.app */,
				5B6A413E24E515FF006738BD /* tipTests.xctest */,
				5B6A414924E515FF006738BD /* tipUITests.xctest */,
			);
			name = Products;
			sourceTree = "<group>";
		};
		5B6A412A24E515FB006738BD /* tip */ = {
			isa = PBXGroup;
			children = (
				5B6A412B24E515FB006738BD /* AppDelegate.swift */,
				5B6A412D24E515FB006738BD /* SceneDelegate.swift */,
				5B6A412F24E515FB006738BD /* ViewController.swift */,
				5B6A413124E515FB006738BD /* Main.storyboard */,
				5B6A413424E515FF006738BD /* Assets.xcassets */,
				5B6A413624E515FF006738BD /* LaunchScreen.storyboard */,
				5B6A413924E515FF006738BD /* Info.plist */,
			);
			path = tip;
			sourceTree = "<group>";
		};
		5B6A414124E515FF006738BD /* tipTests */ = {
			isa = PBXGroup;
			children = (
				5B6A414224E515FF006738BD /* tipTests.swift */,
				5B6A414424E515FF006738BD /* Info.plist */,
			);
			path = tipTests;
			sourceTree = "<group>";
		};
		5B6A414C24E515FF006738BD /* tipUITests */ = {
			isa = PBXGroup;
			children = (
				5B6A414D24E515FF006738BD /* tipUITests.swift */,
				5B6A414F24E51600006738BD /* Info.plist */,
			);
			path = tipUITests;
			sourceTree = "<group>";
		};
/* End PBXGroup section */

/* Begin PBXNativeTarget section */
		5B6A412724E515FB006738BD /* tip */ = {
			isa = PBXNativeTarget;
			buildConfigurationList = 5B6A415224E51600006738BD /* Build configuration list for PBXNativeTarget "tip" */;
			buildPhases = (
				5B6A412424E515FB006738BD /* Sources */,
				5B6A412524E515FB006738BD /* Frameworks */,
				5B6A412624E515FB006738BD /* Resources */,
			);
			buildRules = (
			);
			dependencies = (
			);
			name = tip;
			productName = tip;
			productReference = 5B6A412824E515FB006738BD /* tip.app */;
			productType = "com.apple.product-type.application";
		};
		5B6A413D24E515FF006738BD /* tipTests */ = {
			isa = PBXNativeTarget;
			buildConfigurationList = 5B6A415524E51600006738BD /* Build configuration list for PBXNativeTarget "tipTests" */;
			buildPhases = (
				5B6A413A24E515FF006738BD /* Sources */,
				5B6A413B24E515FF006738BD /* Frameworks */,
				5B6A413C24E515FF006738BD /* Resources */,
			);
			buildRules = (
			);
			dependencies = (
				5B6A414024E515FF006738BD /* PBXTargetDependency */,
			);
			name = tipTests;
			productName = tipTests;
			productReference = 5B6A413E24E515FF006738BD /* tipTests.xctest */;
			productType = "com.apple.product-type.bundle.unit-test";
		};
		5B6A414824E515FF006738BD /* tipUITests */ = {
			isa = PBXNativeTarget;
			buildConfigurationList = 5B6A415824E51600006738BD /* Build configuration list for PBXNativeTarget "tipUITests" */;
			buildPhases = (
				5B6A414524E515FF006738BD /* Sources */,
				5B6A414624E515FF006738BD /* Frameworks */,
				5B6A414724E515FF006738BD /* Resources */,
			);
			buildRules = (
			);
			dependencies = (
				5B6A414B24E515FF006738BD /* PBXTargetDependency */,
			);
			name = tipUITests;
			productName = tipUITests;
			productReference = 5B6A414924E515FF006738BD /* tipUITests.xctest */;
			productType = "com.apple.product-type.bundle.ui-testing";
		};
/* End PBXNativeTarget section */

/* Begin PBXProject section */
		5B6A412024E515FB006738BD /* Project object */ = {
			isa = PBXProject;
			attributes = {
				LastSwiftUpdateCheck = 1160;
				LastUpgradeCheck = 1160;
				ORGANIZATIONNAME = Codepath;
				TargetAttributes = {
					5B6A412724E515FB006738BD = {
						CreatedOnToolsVersion = 11.6;
					};
					5B6A413D24E515FF006738BD = {
						CreatedOnToolsVersion = 11.6;
						TestTargetID = 5B6A412724E515FB006738BD;
					};
					5B6A414824E515FF006738BD = {
						CreatedOnToolsVersion = 11.6;
						TestTargetID = 5B6A412724E515FB006738BD;
					};
				};
			};
			buildConfigurationList = 5B6A412324E515FB006738BD /* Build configuration list for PBXProject "tip" */;
			compatibilityVersion = "Xcode 9.3";
			developmentRegion = en;
			hasScannedForEncodings = 0;
			knownRegions = (
				en,
				Base,
			);
			mainGroup = 5B6A411F24E515FB006738BD;
			productRefGroup = 5B6A412924E515FB006738BD /* Products */;
			projectDirPath = "";
			projectRoot = "";
			targets = (
				5B6A412724E515FB006738BD /* tip */,
				5B6A413D24E515FF006738BD /* tipTests */,
				5B6A414824E515FF006738BD /* tipUITests */,
			);
		};
/* End PBXProject section */

/* Begin PBXResourcesBuildPhase section */
		5B6A412624E515FB006738BD /* Resources */ = {
			isa = PBXResourcesBuildPhase;
			buildActionMask = 2147483647;
			files = (
				5B6A413824E515FF006738BD /* LaunchScreen.storyboard in Resources */,
				5B6A413524E515FF006738BD /* Assets.xcassets in Resources */,
				5B6A413324E515FB006738BD /* Main.storyboard in Resources */,
			);
			runOnlyForDeploymentPostprocessing = 0;
		};
		5B6A413C24E515FF006738BD /* Resources */ = {
			isa = PBXResourcesBuildPhase;
			buildActionMask = 2147483647;
			files = (
			);
			runOnlyForDeploymentPostprocessing = 0;
		};
		5B6A414724E515FF006738BD /* Resources */ = {
			isa = PBXResourcesBuildPhase;
			buildActionMask = 2147483647;
			files = (
			);
			runOnlyForDeploymentPostprocessing = 0;
		};
/* End PBXResourcesBuildPhase section */

/* Begin PBXSourcesBuildPhase section */
		5B6A412424E515FB006738BD /* Sources */ = {
			isa = PBXSourcesBuildPhase;
			buildActionMask = 2147483647;
			files = (
				5B6A413024E515FB006738BD /* ViewController.swift in Sources */,
				5B6A412C24E515FB006738BD /* AppDelegate.swift in Sources */,
				5B6A412E24E515FB006738BD /* SceneDelegate.swift in Sources */,
			);
			runOnlyForDeploymentPostprocessing = 0;
		};
		5B6A413A24E515FF006738BD /* Sources */ = {
			isa = PBXSourcesBuildPhase;
			buildActionMask = 2147483647;
			files = (
				5B6A414324E515FF006738BD /* tipTests.swift in Sources */,
			);
			runOnlyForDeploymentPostprocessing = 0;
		};
		5B6A414524E515FF006738BD /* Sources */ = {
			isa = PBXSourcesBuildPhase;
			buildActionMask = 2147483647;
			files = (
				5B6A414E24E515FF006738BD /* tipUITests.swift in Sources */,
			);
			runOnlyForDeploymentPostprocessing = 0;
		};
/* End PBXSourcesBuildPhase section */

/* Begin PBXTargetDependency section */
		5B6A414024E515FF006738BD /* PBXTargetDependency */ = {
			isa = PBXTargetDependency;
			target = 5B6A412724E515FB006738BD /* tip */;
			targetProxy = 5B6A413F24E515FF006738BD /* PBXContainerItemProxy */;
		};
		5B6A414B24E515FF006738BD /* PBXTargetDependency */ = {
			isa = PBXTargetDependency;
			target = 5B6A412724E515FB006738BD /* tip */;
			targetProxy = 5B6A414A24E515FF006738BD /* PBXContainerItemProxy */;
		};
/* End PBXTargetDependency section */

/* Begin PBXVariantGroup section */
		5B6A413124E515FB006738BD /* Main.storyboard */ = {
			isa = PBXVariantGroup;
			children = (
				5B6A413224E515FB006738BD /* Base */,
			);
			name = Main.storyboard;
			sourceTree = "<group>";
		};
		5B6A413624E515FF006738BD /* LaunchScreen.storyboard */ = {
			isa = PBXVariantGroup;
			children = (
				5B6A413724E515FF006738BD /* Base */,
			);
			name = LaunchScreen.storyboard;
			sourceTree = "<group>";
		};
/* End PBXVariantGroup section */

/* Begin XCBuildConfiguration section */
		5B6A415024E51600006738BD /* Debug */ = {
			isa = XCBuildConfiguration;
			buildSettings = {
				ALWAYS_SEARCH_USER_PATHS = NO;
				CLANG_ANALYZER_NONNULL = YES;
				CLANG_ANALYZER_NUMBER_OBJECT_CONVERSION = YES_AGGRESSIVE;
				CLANG_CXX_LANGUAGE_STANDARD = "gnu++14";
				CLANG_CXX_LIBRARY = "libc++";
				CLANG_ENABLE_MODULES = YES;
				CLANG_ENABLE_OBJC_ARC = YES;
				CLANG_ENABLE_OBJC_WEAK = YES;
				CLANG_WARN_BLOCK_CAPTURE_AUTORELEASING = YES;
				CLANG_WARN_BOOL_CONVERSION = YES;
				CLANG_WARN_COMMA = YES;
				CLANG_WARN_CONSTANT_CONVERSION = YES;
				CLANG_WARN_DEPRECATED_OBJC_IMPLEMENTATIONS = YES;
				CLANG_WARN_DIRECT_OBJC_ISA_USAGE = YES_ERROR;
				CLANG_WARN_DOCUMENTATION_COMMENTS = YES;
				CLANG_WARN_EMPTY_BODY = YES;
				CLANG_WARN_ENUM_CONVERSION = YES;
				CLANG_WARN_INFINITE_RECURSION = YES;
				CLANG_WARN_INT_CONVERSION = YES;
				CLANG_WARN_NON_LITERAL_NULL_CONVERSION = YES;
				CLANG_WARN_OBJC_IMPLICIT_RETAIN_SELF = YES;
				CLANG_WARN_OBJC_LITERAL_CONVERSION = YES;
				CLANG_WARN_OBJC_ROOT_CLASS = YES_ERROR;
				CLANG_WARN_RANGE_LOOP_ANALYSIS = YES;
				CLANG_WARN_STRICT_PROTOTYPES = YES;
				CLANG_WARN_SUSPICIOUS_MOVE = YES;
				CLANG_WARN_UNGUARDED_AVAILABILITY = YES_AGGRESSIVE;
				CLANG_WARN_UNREACHABLE_CODE = YES;
				CLANG_WARN__DUPLICATE_METHOD_MATCH = YES;
				COPY_PHASE_STRIP = NO;
				DEBUG_INFORMATION_FORMAT = dwarf;
				ENABLE_STRICT_OBJC_MSGSEND = YES;
				ENABLE_TESTABILITY = YES;
				GCC_C_LANGUAGE_STANDARD = gnu11;
				GCC_DYNAMIC_NO_PIC = NO;
				GCC_NO_COMMON_BLOCKS = YES;
				GCC_OPTIMIZATION_LEVEL = 0;
				GCC_PREPROCESSOR_DEFINITIONS = (
					"DEBUG=1",
					"$(inherited)",
				);
				GCC_WARN_64_TO_32_BIT_CONVERSION = YES;
				GCC_WARN_ABOUT_RETURN_TYPE = YES_ERROR;
				GCC_WARN_UNDECLARED_SELECTOR = YES;
				GCC_WARN_UNINITIALIZED_AUTOS = YES_AGGRESSIVE;
				GCC_WARN_UNUSED_FUNCTION = YES;
				GCC_WARN_UNUSED_VARIABLE = YES;
				IPHONEOS_DEPLOYMENT_TARGET = 13.6;
				MTL_ENABLE_DEBUG_INFO = INCLUDE_SOURCE;
				MTL_FAST_MATH = YES;
				ONLY_ACTIVE_ARCH = YES;
				SDKROOT = iphoneos;
				SWIFT_ACTIVE_COMPILATION_CONDITIONS = DEBUG;
				SWIFT_OPTIMIZATION_LEVEL = "-Onone";
			};
			name = Debug;
		};
		5B6A415124E51600006738BD /* Release */ = {
			isa = XCBuildConfiguration;
			buildSettings = {
				ALWAYS_SEARCH_USER_PATHS = NO;
				CLANG_ANALYZER_NONNULL = YES;
				CLANG_ANALYZER_NUMBER_OBJECT_CONVERSION = YES_AGGRESSIVE;
				CLANG_CXX_LANGUAGE_STANDARD = "gnu++14";
				CLANG_CXX_LIBRARY = "libc++";
				CLANG_ENABLE_MODULES = YES;
				CLANG_ENABLE_OBJC_ARC = YES;
				CLANG_ENABLE_OBJC_WEAK = YES;
				CLANG_WARN_BLOCK_CAPTURE_AUTORELEASING = YES;
				CLANG_WARN_BOOL_CONVERSION = YES;
				CLANG_WARN_COMMA = YES;
				CLANG_WARN_CONSTANT_CONVERSION = YES;
				CLANG_WARN_DEPRECATED_OBJC_IMPLEMENTATIONS = YES;
				CLANG_WARN_DIRECT_OBJC_ISA_USAGE = YES_ERROR;
				CLANG_WARN_DOCUMENTATION_COMMENTS = YES;
				CLANG_WARN_EMPTY_BODY = YES;
				CLANG_WARN_ENUM_CONVERSION = YES;
				CLANG_WARN_INFINITE_RECURSION = YES;
				CLANG_WARN_INT_CONVERSION = YES;
				CLANG_WARN_NON_LITERAL_NULL_CONVERSION = YES;
				CLANG_WARN_OBJC_IMPLICIT_RETAIN_SELF = YES;
				CLANG_WARN_OBJC_LITERAL_CONVERSION = YES;
				CLANG_WARN_OBJC_ROOT_CLASS = YES_ERROR;
				CLANG_WARN_RANGE_LOOP_ANALYSIS = YES;
				CLANG_WARN_STRICT_PROTOTYPES = YES;
				CLANG_WARN_SUSPICIOUS_MOVE = YES;
				CLANG_WARN_UNGUARDED_AVAILABILITY = YES_AGGRESSIVE;
				CLANG_WARN_UNREACHABLE_CODE = YES;
				CLANG_WARN__DUPLICATE_METHOD_MATCH = YES;
				COPY_PHASE_STRIP = NO;
				DEBUG_INFORMATION_FORMAT = "dwarf-with-dsym";
				ENABLE_NS_ASSERTIONS = NO;
				ENABLE_STRICT_OBJC_MSGSEND = YES;
				GCC_C_LANGUAGE_STANDARD = gnu11;
				GCC_NO_COMMON_BLOCKS = YES;
				GCC_WARN_64_TO_32_BIT_CONVERSION = YES;
				GCC_WARN_ABOUT_RETURN_TYPE = YES_ERROR;
				GCC_WARN_UNDECLARED_SELECTOR = YES;
				GCC_WARN_UNINITIALIZED_AUTOS = YES_AGGRESSIVE;
				GCC_WARN_UNUSED_FUNCTION = YES;
				GCC_WARN_UNUSED_VARIABLE = YES;
				IPHONEOS_DEPLOYMENT_TARGET = 13.6;
				MTL_ENABLE_DEBUG_INFO = NO;
				MTL_FAST_MATH = YES;
				SDKROOT = iphoneos;
				SWIFT_COMPILATION_MODE = wholemodule;
				SWIFT_OPTIMIZATION_LEVEL = "-O";
				VALIDATE_PRODUCT = YES;
			};
			name = Release;
		};
		5B6A415324E51600006738BD /* Debug */ = {
			isa = XCBuildConfiguration;
			buildSettings = {
				ASSETCATALOG_COMPILER_APPICON_NAME = AppIcon;
				CODE_SIGN_STYLE = Automatic;
				INFOPLIST_FILE = tip/Info.plist;
				LD_RUNPATH_SEARCH_PATHS = (
					"$(inherited)",
					"@executable_path/Frameworks",
				);
				PRODUCT_BUNDLE_IDENTIFIER = Codepath.tip;
				PRODUCT_NAME = "$(TARGET_NAME)";
				SWIFT_VERSION = 5.0;
				TARGETED_DEVICE_FAMILY = 1;
			};
			name = Debug;
		};
		5B6A415424E51600006738BD /* Release */ = {
			isa = XCBuildConfiguration;
			buildSettings = {
				ASSETCATALOG_COMPILER_APPICON_NAME = AppIcon;
				CODE_SIGN_STYLE = Automatic;
				INFOPLIST_FILE = tip/Info.plist;
				LD_RUNPATH_SEARCH_PATHS = (
					"$(inherited)",
					"@executable_path/Frameworks",
				);
				PRODUCT_BUNDLE_IDENTIFIER = Codepath.tip;
				PRODUCT_NAME = "$(TARGET_NAME)";
				SWIFT_VERSION = 5.0;
				TARGETED_DEVICE_FAMILY = 1;
			};
			name = Release;
		};
		5B6A415624E51600006738BD /* Debug */ = {
			isa = XCBuildConfiguration;
			buildSettings = {
				ALWAYS_EMBED_SWIFT_STANDARD_LIBRARIES = YES;
				BUNDLE_LOADER = "$(TEST_HOST)";
				CODE_SIGN_STYLE = Automatic;
				INFOPLIST_FILE = tipTests/Info.plist;
				IPHONEOS_DEPLOYMENT_TARGET = 13.6;
				LD_RUNPATH_SEARCH_PATHS = (
					"$(inherited)",
					"@executable_path/Frameworks",
					"@loader_path/Frameworks",
				);
				PRODUCT_BUNDLE_IDENTIFIER = Codepath.tipTests;
				PRODUCT_NAME = "$(TARGET_NAME)";
				SWIFT_VERSION = 5.0;
				TARGETED_DEVICE_FAMILY = "1,2";
				TEST_HOST = "$(BUILT_PRODUCTS_DIR)/tip.app/tip";
			};
			name = Debug;
		};
		5B6A415724E51600006738BD /* Release */ = {
			isa = XCBuildConfiguration;
			buildSettings = {
				ALWAYS_EMBED_SWIFT_STANDARD_LIBRARIES = YES;
				BUNDLE_LOADER = "$(TEST_HOST)";
				CODE_SIGN_STYLE = Automatic;
				INFOPLIST_FILE = tipTests/Info.plist;
				IPHONEOS_DEPLOYMENT_TARGET = 13.6;
				LD_RUNPATH_SEARCH_PATHS = (
					"$(inherited)",
					"@executable_path/Frameworks",
					"@loader_path/Frameworks",
				);
				PRODUCT_BUNDLE_IDENTIFIER = Codepath.tipTests;
				PRODUCT_NAME = "$(TARGET_NAME)";
				SWIFT_VERSION = 5.0;
				TARGETED_DEVICE_FAMILY = "1,2";
				TEST_HOST = "$(BUILT_PRODUCTS_DIR)/tip.app/tip";
			};
			name = Release;
		};
		5B6A415924E51600006738BD /* Debug */ = {
			isa = XCBuildConfiguration;
			buildSettings = {
				ALWAYS_EMBED_SWIFT_STANDARD_LIBRARIES = YES;
				CODE_SIGN_STYLE = Automatic;
				INFOPLIST_FILE = tipUITests/Info.plist;
				LD_RUNPATH_SEARCH_PATHS = (
					"$(inherited)",
					"@executable_path/Frameworks",
					"@loader_path/Frameworks",
				);
				PRODUCT_BUNDLE_IDENTIFIER = Codepath.tipUITests;
				PRODUCT_NAME = "$(TARGET_NAME)";
				SWIFT_VERSION = 5.0;
				TARGETED_DEVICE_FAMILY = "1,2";
				TEST_TARGET_NAME = tip;
			};
			name = Debug;
		};
		5B6A415A24E51600006738BD /* Release */ = {
			isa = XCBuildConfiguration;
			buildSettings = {
				ALWAYS_EMBED_SWIFT_STANDARD_LIBRARIES = YES;
				CODE_SIGN_STYLE = Automatic;
				INFOPLIST_FILE = tipUITests/Info.plist;
				LD_RUNPATH_SEARCH_PATHS = (
					"$(inherited)",
					"@executable_path/Frameworks",
					"@loader_path/Frameworks",
				);
				PRODUCT_BUNDLE_IDENTIFIER = Codepath.tipUITests;
				PRODUCT_NAME = "$(TARGET_NAME)";
				SWIFT_VERSION = 5.0;
				TARGETED_DEVICE_FAMILY = "1,2";
				TEST_TARGET_NAME = tip;
			};
			name = Release;
		};
/* End XCBuildConfiguration section */

/* Begin XCConfigurationList section */
		5B6A412324E515FB006738BD /* Build configuration list for PBXProject "tip" */ = {
			isa = XCConfigurationList;
			buildConfigurations = (
				5B6A415024E51600006738BD /* Debug */,
				5B6A415124E51600006738BD /* Release */,
			);
			defaultConfigurationIsVisible = 0;
			defaultConfigurationName = Release;
		};
		5B6A415224E51600006738BD /* Build configuration list for PBXNativeTarget "tip" */ = {
			isa = XCConfigurationList;
			buildConfigurations = (
				5B6A415324E51600006738BD /* Debug */,
				5B6A415424E51600006738BD /* Release */,
			);
			defaultConfigurationIsVisible = 0;
			defaultConfigurationName = Release;
		};
		5B6A415524E51600006738BD /* Build configuration list for PBXNativeTarget "tipTests" */ = {
			isa = XCConfigurationList;
			buildConfigurations = (
				5B6A415624E51600006738BD /* Debug */,
				5B6A415724E51600006738BD /* Release */,
			);
			defaultConfigurationIsVisible = 0;
			defaultConfigurationName = Release;
		};
		5B6A415824E51600006738BD /* Build configuration list for PBXNativeTarget "tipUITests" */ = {
			isa = XCConfigurationList;
			buildConfigurations = (
				5B6A415924E51600006738BD /* Debug */,
				5B6A415A24E51600006738BD /* Release */,
			);
			defaultConfigurationIsVisible = 0;
			defaultConfigurationName = Release;
		};
/* End XCConfigurationList section */
	};
	rootObject = 5B6A412024E515FB006738BD /* Project object */;
}
